
Microsoft Visual Studio Solution File, Format Version 12.00
# Visual Studio 15
VisualStudioVersion = 15.0.28010.2046
MinimumVisualStudioVersion = 10.0.40219.1
Project("{FAE04EC0-301F-11D3-BF4B-00C04F79EFBC}") = "Calendar.Android", "Calendar\Calendar.Android\Calendar.Android.csproj", "{309C083F-5791-499E-B9C5-5B331216CEB5}"
EndProject
Project("{FAE04EC0-301F-11D3-BF4B-00C04F79EFBC}") = "Calendar.iOS", "Calendar\Calendar.iOS\Calendar.iOS.csproj", "{B7A43E52-2839-4E0B-A582-732A9C79803E}"
EndProject
Project("{FAE04EC0-301F-11D3-BF4B-00C04F79EFBC}") = "Calendar.UWP", "Calendar\Calendar.UWP\Calendar.UWP.csproj", "{89E1C4C1-B14F-4C0A-83C4-9D8B8F82F24F}"
EndProject
Project("{FAE04EC0-301F-11D3-BF4B-00C04F79EFBC}") = "Calendar", "Calendar\Calendar\Calendar.csproj", "{E598F7F3-D3A5-41F3-B80C-D5A7D86C2059}"
EndProject
Global
	GlobalSection(SolutionConfigurationPlatforms) = preSolution
		Ad-Hoc|Any CPU = Ad-Hoc|Any CPU
		Ad-Hoc|ARM = Ad-Hoc|ARM
		Ad-Hoc|iPhone = Ad-Hoc|iPhone
		Ad-Hoc|iPhoneSimulator = Ad-Hoc|iPhoneSimulator
		Ad-Hoc|x64 = Ad-Hoc|x64
		Ad-Hoc|x86 = Ad-Hoc|x86
		AppStore|Any CPU = AppStore|Any CPU
		AppStore|ARM = AppStore|ARM
		AppStore|iPhone = AppStore|iPhone
		AppStore|iPhoneSimulator = AppStore|iPhoneSimulator
		AppStore|x64 = AppStore|x64
		AppStore|x86 = AppStore|x86
		Debug|Any CPU = Debug|Any CPU
		Debug|ARM = Debug|ARM
		Debug|iPhone = Debug|iPhone
		Debug|iPhoneSimulator = Debug|iPhoneSimulator
		Debug|x64 = Debug|x64
		Debug|x86 = Debug|x86
		Release|Any CPU = Release|Any CPU
		Release|ARM = Release|ARM
		Release|iPhone = Release|iPhone
		Release|iPhoneSimulator = Release|iPhoneSimulator
		Release|x64 = Release|x64
		Release|x86 = Release|x86
	EndGlobalSection
	GlobalSection(ProjectConfigurationPlatforms) = postSolution
		{309C083F-5791-499E-B9C5-5B331216CEB5}.Ad-Hoc|Any CPU.ActiveCfg = Release|Any CPU
		{309C083F-5791-499E-B9C5-5B331216CEB5}.Ad-Hoc|Any CPU.Build.0 = Release|Any CPU
		{309C083F-5791-499E-B9C5-5B331216CEB5}.Ad-Hoc|Any CPU.Deploy.0 = Release|Any CPU
		{309C083F-5791-499E-B9C5-5B331216CEB5}.Ad-Hoc|ARM.ActiveCfg = Release|Any CPU
		{309C083F-5791-499E-B9C5-5B331216CEB5}.Ad-Hoc|ARM.Build.0 = Release|Any CPU
		{309C083F-5791-499E-B9C5-5B331216CEB5}.Ad-Hoc|ARM.Deploy.0 = Release|Any CPU
		{309C083F-5791-499E-B9C5-5B331216CEB5}.Ad-Hoc|iPhone.ActiveCfg = Release|Any CPU
		{309C083F-5791-499E-B9C5-5B331216CEB5}.Ad-Hoc|iPhone.Build.0 = Release|Any CPU
		{309C083F-5791-499E-B9C5-5B331216CEB5}.Ad-Hoc|iPhone.Deploy.0 = Release|Any CPU
		{309C083F-5791-499E-B9C5-5B331216CEB5}.Ad-Hoc|iPhoneSimulator.ActiveCfg = Release|Any CPU
		{309C083F-5791-499E-B9C5-5B331216CEB5}.Ad-Hoc|iPhoneSimulator.Build.0 = Release|Any CPU
		{309C083F-5791-499E-B9C5-5B331216CEB5}.Ad-Hoc|iPhoneSimulator.Deploy.0 = Release|Any CPU
		{309C083F-5791-499E-B9C5-5B331216CEB5}.Ad-Hoc|x64.ActiveCfg = Release|Any CPU
		{309C083F-5791-499E-B9C5-5B331216CEB5}.Ad-Hoc|x64.Build.0 = Release|Any CPU
		{309C083F-5791-499E-B9C5-5B331216CEB5}.Ad-Hoc|x64.Deploy.0 = Release|Any CPU
		{309C083F-5791-499E-B9C5-5B331216CEB5}.Ad-Hoc|x86.ActiveCfg = Release|Any CPU
		{309C083F-5791-499E-B9C5-5B331216CEB5}.Ad-Hoc|x86.Build.0 = Release|Any CPU
		{309C083F-5791-499E-B9C5-5B331216CEB5}.Ad-Hoc|x86.Deploy.0 = Release|Any CPU
		{309C083F-5791-499E-B9C5-5B331216CEB5}.AppStore|Any CPU.ActiveCfg = Release|Any CPU
		{309C083F-5791-499E-B9C5-5B331216CEB5}.AppStore|Any CPU.Build.0 = Release|Any CPU
		{309C083F-5791-499E-B9C5-5B331216CEB5}.AppStore|Any CPU.Deploy.0 = Release|Any CPU
		{309C083F-5791-499E-B9C5-5B331216CEB5}.AppStore|ARM.ActiveCfg = Release|Any CPU
		{309C083F-5791-499E-B9C5-5B331216CEB5}.AppStore|ARM.Build.0 = Release|Any CPU
		{309C083F-5791-499E-B9C5-5B331216CEB5}.AppStore|ARM.Deploy.0 = Release|Any CPU
		{309C083F-5791-499E-B9C5-5B331216CEB5}.AppStore|iPhone.ActiveCfg = Release|Any CPU
		{309C083F-5791-499E-B9C5-5B331216CEB5}.AppStore|iPhone.Build.0 = Release|Any CPU
		{309C083F-5791-499E-B9C5-5B331216CEB5}.AppStore|iPhone.Deploy.0 = Release|Any CPU
		{309C083F-5791-499E-B9C5-5B331216CEB5}.AppStore|iPhoneSimulator.ActiveCfg = Release|Any CPU
		{309C083F-5791-499E-B9C5-5B331216CEB5}.AppStore|iPhoneSimulator.Build.0 = Release|Any CPU
		{309C083F-5791-499E-B9C5-5B331216CEB5}.AppStore|iPhoneSimulator.Deploy.0 = Release|Any CPU
		{309C083F-5791-499E-B9C5-5B331216CEB5}.AppStore|x64.ActiveCfg = Release|Any CPU
		{309C083F-5791-499E-B9C5-5B331216CEB5}.AppStore|x64.Build.0 = Release|Any CPU
		{309C083F-5791-499E-B9C5-5B331216CEB5}.AppStore|x64.Deploy.0 = Release|Any CPU
		{309C083F-5791-499E-B9C5-5B331216CEB5}.AppStore|x86.ActiveCfg = Release|Any CPU
		{309C083F-5791-499E-B9C5-5B331216CEB5}.AppStore|x86.Build.0 = Release|Any CPU
		{309C083F-5791-499E-B9C5-5B331216CEB5}.AppStore|x86.Deploy.0 = Release|Any CPU
		{309C083F-5791-499E-B9C5-5B331216CEB5}.Debug|Any CPU.ActiveCfg = Debug|Any CPU
		{309C083F-5791-499E-B9C5-5B331216CEB5}.Debug|Any CPU.Build.0 = Debug|Any CPU
		{309C083F-5791-499E-B9C5-5B331216CEB5}.Debug|Any CPU.Deploy.0 = Debug|Any CPU
		{309C083F-5791-499E-B9C5-5B331216CEB5}.Debug|ARM.ActiveCfg = Debug|Any CPU
		{309C083F-5791-499E-B9C5-5B331216CEB5}.Debug|ARM.Build.0 = Debug|Any CPU
		{309C083F-5791-499E-B9C5-5B331216CEB5}.Debug|ARM.Deploy.0 = Debug|Any CPU
		{309C083F-5791-499E-B9C5-5B331216CEB5}.Debug|iPhone.ActiveCfg = Debug|Any CPU
		{309C083F-5791-499E-B9C5-5B331216CEB5}.Debug|iPhone.Build.0 = Debug|Any CPU
		{309C083F-5791-499E-B9C5-5B331216CEB5}.Debug|iPhone.Deploy.0 = Debug|Any CPU
		{309C083F-5791-499E-B9C5-5B331216CEB5}.Debug|iPhoneSimulator.ActiveCfg = Debug|Any CPU
		{309C083F-5791-499E-B9C5-5B331216CEB5}.Debug|iPhoneSimulator.Build.0 = Debug|Any CPU
		{309C083F-5791-499E-B9C5-5B331216CEB5}.Debug|iPhoneSimulator.Deploy.0 = Debug|Any CPU
		{309C083F-5791-499E-B9C5-5B331216CEB5}.Debug|x64.ActiveCfg = Debug|Any CPU
		{309C083F-5791-499E-B9C5-5B331216CEB5}.Debug|x64.Build.0 = Debug|Any CPU
		{309C083F-5791-499E-B9C5-5B331216CEB5}.Debug|x64.Deploy.0 = Debug|Any CPU
		{309C083F-5791-499E-B9C5-5B331216CEB5}.Debug|x86.ActiveCfg = Debug|Any CPU
		{309C083F-5791-499E-B9C5-5B331216CEB5}.Debug|x86.Build.0 = Debug|Any CPU
		{309C083F-5791-499E-B9C5-5B331216CEB5}.Debug|x86.Deploy.0 = Debug|Any CPU
		{309C083F-5791-499E-B9C5-5B331216CEB5}.Release|Any CPU.ActiveCfg = Release|Any CPU
		{309C083F-5791-499E-B9C5-5B331216CEB5}.Release|Any CPU.Build.0 = Release|Any CPU
		{309C083F-5791-499E-B9C5-5B331216CEB5}.Release|Any CPU.Deploy.0 = Release|Any CPU
		{309C083F-5791-499E-B9C5-5B331216CEB5}.Release|ARM.ActiveCfg = Release|Any CPU
		{309C083F-5791-499E-B9C5-5B331216CEB5}.Release|ARM.Build.0 = Release|Any CPU
		{309C083F-5791-499E-B9C5-5B331216CEB5}.Release|ARM.Deploy.0 = Release|Any CPU
		{309C083F-5791-499E-B9C5-5B331216CEB5}.Release|iPhone.ActiveCfg = Release|Any CPU
		{309C083F-5791-499E-B9C5-5B331216CEB5}.Release|iPhone.Build.0 = Release|Any CPU
		{309C083F-5791-499E-B9C5-5B331216CEB5}.Release|iPhone.Deploy.0 = Release|Any CPU
		{309C083F-5791-499E-B9C5-5B331216CEB5}.Release|iPhoneSimulator.ActiveCfg = Release|Any CPU
		{309C083F-5791-499E-B9C5-5B331216CEB5}.Release|iPhoneSimulator.Build.0 = Release|Any CPU
		{309C083F-5791-499E-B9C5-5B331216CEB5}.Release|iPhoneSimulator.Deploy.0 = Release|Any CPU
		{309C083F-5791-499E-B9C5-5B331216CEB5}.Release|x64.ActiveCfg = Release|Any CPU
		{309C083F-5791-499E-B9C5-5B331216CEB5}.Release|x64.Build.0 = Release|Any CPU
		{309C083F-5791-499E-B9C5-5B331216CEB5}.Release|x64.Deploy.0 = Release|Any CPU
		{309C083F-5791-499E-B9C5-5B331216CEB5}.Release|x86.ActiveCfg = Release|Any CPU
		{309C083F-5791-499E-B9C5-5B331216CEB5}.Release|x86.Build.0 = Release|Any CPU
		{309C083F-5791-499E-B9C5-5B331216CEB5}.Release|x86.Deploy.0 = Release|Any CPU
		{B7A43E52-2839-4E0B-A582-732A9C79803E}.Ad-Hoc|Any CPU.ActiveCfg = Ad-Hoc|iPhone
		{B7A43E52-2839-4E0B-A582-732A9C79803E}.Ad-Hoc|Any CPU.Build.0 = Ad-Hoc|iPhone
		{B7A43E52-2839-4E0B-A582-732A9C79803E}.Ad-Hoc|Any CPU.Deploy.0 = Ad-Hoc|iPhone
		{B7A43E52-2839-4E0B-A582-732A9C79803E}.Ad-Hoc|ARM.ActiveCfg = Ad-Hoc|iPhone
		{B7A43E52-2839-4E0B-A582-732A9C79803E}.Ad-Hoc|ARM.Build.0 = Ad-Hoc|iPhone
		{B7A43E52-2839-4E0B-A582-732A9C79803E}.Ad-Hoc|ARM.Deploy.0 = Ad-Hoc|iPhone
		{B7A43E52-2839-4E0B-A582-732A9C79803E}.Ad-Hoc|iPhone.ActiveCfg = Ad-Hoc|iPhone
		{B7A43E52-2839-4E0B-A582-732A9C79803E}.Ad-Hoc|iPhone.Build.0 = Ad-Hoc|iPhone
		{B7A43E52-2839-4E0B-A582-732A9C79803E}.Ad-Hoc|iPhone.Deploy.0 = Ad-Hoc|iPhone
		{B7A43E52-2839-4E0B-A582-732A9C79803E}.Ad-Hoc|iPhoneSimulator.ActiveCfg = Ad-Hoc|iPhoneSimulator
		{B7A43E52-2839-4E0B-A582-732A9C79803E}.Ad-Hoc|iPhoneSimulator.Build.0 = Ad-Hoc|iPhoneSimulator
		{B7A43E52-2839-4E0B-A582-732A9C79803E}.Ad-Hoc|iPhoneSimulator.Deploy.0 = Ad-Hoc|iPhoneSimulator
		{B7A43E52-2839-4E0B-A582-732A9C79803E}.Ad-Hoc|x64.ActiveCfg = Ad-Hoc|iPhone
		{B7A43E52-2839-4E0B-A582-732A9C79803E}.Ad-Hoc|x64.Build.0 = Ad-Hoc|iPhone
		{B7A43E52-2839-4E0B-A582-732A9C79803E}.Ad-Hoc|x64.Deploy.0 = Ad-Hoc|iPhone
		{B7A43E52-2839-4E0B-A582-732A9C79803E}.Ad-Hoc|x86.ActiveCfg = Ad-Hoc|iPhone
		{B7A43E52-2839-4E0B-A582-732A9C79803E}.Ad-Hoc|x86.Build.0 = Ad-Hoc|iPhone
		{B7A43E52-2839-4E0B-A582-732A9C79803E}.Ad-Hoc|x86.Deploy.0 = Ad-Hoc|iPhone
		{B7A43E52-2839-4E0B-A582-732A9C79803E}.AppStore|Any CPU.ActiveCfg = AppStore|iPhone
		{B7A43E52-2839-4E0B-A582-732A9C79803E}.AppStore|Any CPU.Build.0 = AppStore|iPhone
		{B7A43E52-2839-4E0B-A582-732A9C79803E}.AppStore|Any CPU.Deploy.0 = AppStore|iPhone
		{B7A43E52-2839-4E0B-A582-732A9C79803E}.AppStore|ARM.ActiveCfg = AppStore|iPhone
		{B7A43E52-2839-4E0B-A582-732A9C79803E}.AppStore|ARM.Build.0 = AppStore|iPhone
		{B7A43E52-2839-4E0B-A582-732A9C79803E}.AppStore|ARM.Deploy.0 = AppStore|iPhone
		{B7A43E52-2839-4E0B-A582-732A9C79803E}.AppStore|iPhone.ActiveCfg = AppStore|iPhone
		{B7A43E52-2839-4E0B-A582-732A9C79803E}.AppStore|iPhone.Build.0 = AppStore|iPhone
		{B7A43E52-2839-4E0B-A582-732A9C79803E}.AppStore|iPhone.Deploy.0 = AppStore|iPhone
		{B7A43E52-2839-4E0B-A582-732A9C79803E}.AppStore|iPhoneSimulator.ActiveCfg = AppStore|iPhoneSimulator
		{B7A43E52-2839-4E0B-A582-732A9C79803E}.AppStore|iPhoneSimulator.Build.0 = AppStore|iPhoneSimulator
		{B7A43E52-2839-4E0B-A582-732A9C79803E}.AppStore|iPhoneSimulator.Deploy.0 = AppStore|iPhoneSimulator
		{B7A43E52-2839-4E0B-A582-732A9C79803E}.AppStore|x64.ActiveCfg = AppStore|iPhone
		{B7A43E52-2839-4E0B-A582-732A9C79803E}.AppStore|x64.Build.0 = AppStore|iPhone
		{B7A43E52-2839-4E0B-A582-732A9C79803E}.AppStore|x64.Deploy.0 = AppStore|iPhone
		{B7A43E52-2839-4E0B-A582-732A9C79803E}.AppStore|x86.ActiveCfg = AppStore|iPhone
		{B7A43E52-2839-4E0B-A582-732A9C79803E}.AppStore|x86.Build.0 = AppStore|iPhone
		{B7A43E52-2839-4E0B-A582-732A9C79803E}.AppStore|x86.Deploy.0 = AppStore|iPhone
		{B7A43E52-2839-4E0B-A582-732A9C79803E}.Debug|Any CPU.ActiveCfg = Debug|iPhoneSimulator
		{B7A43E52-2839-4E0B-A582-732A9C79803E}.Debug|Any CPU.Build.0 = Debug|iPhoneSimulator
		{B7A43E52-2839-4E0B-A582-732A9C79803E}.Debug|Any CPU.Deploy.0 = Debug|iPhoneSimulator
		{B7A43E52-2839-4E0B-A582-732A9C79803E}.Debug|ARM.ActiveCfg = Debug|iPhone
		{B7A43E52-2839-4E0B-A582-732A9C79803E}.Debug|ARM.Build.0 = Debug|iPhone
		{B7A43E52-2839-4E0B-A582-732A9C79803E}.Debug|ARM.Deploy.0 = Debug|iPhone
		{B7A43E52-2839-4E0B-A582-732A9C79803E}.Debug|iPhone.ActiveCfg = Debug|iPhone
		{B7A43E52-2839-4E0B-A582-732A9C79803E}.Debug|iPhone.Build.0 = Debug|iPhone
		{B7A43E52-2839-4E0B-A582-732A9C79803E}.Debug|iPhone.Deploy.0 = Debug|iPhone
		{B7A43E52-2839-4E0B-A582-732A9C79803E}.Debug|iPhoneSimulator.ActiveCfg = Debug|iPhoneSimulator
		{B7A43E52-2839-4E0B-A582-732A9C79803E}.Debug|iPhoneSimulator.Build.0 = Debug|iPhoneSimulator
		{B7A43E52-2839-4E0B-A582-732A9C79803E}.Debug|iPhoneSimulator.Deploy.0 = Debug|iPhoneSimulator
		{B7A43E52-2839-4E0B-A582-732A9C79803E}.Debug|x64.ActiveCfg = Debug|iPhone
		{B7A43E52-2839-4E0B-A582-732A9C79803E}.Debug|x64.Build.0 = Debug|iPhone
		{B7A43E52-2839-4E0B-A582-732A9C79803E}.Debug|x64.Deploy.0 = Debug|iPhone
		{B7A43E52-2839-4E0B-A582-732A9C79803E}.Debug|x86.ActiveCfg = Debug|iPhone
		{B7A43E52-2839-4E0B-A582-732A9C79803E}.Debug|x86.Build.0 = Debug|iPhone
		{B7A43E52-2839-4E0B-A582-732A9C79803E}.Debug|x86.Deploy.0 = Debug|iPhone
		{B7A43E52-2839-4E0B-A582-732A9C79803E}.Release|Any CPU.ActiveCfg = Release|iPhone
		{B7A43E52-2839-4E0B-A582-732A9C79803E}.Release|Any CPU.Build.0 = Release|iPhone
		{B7A43E52-2839-4E0B-A582-732A9C79803E}.Release|Any CPU.Deploy.0 = Release|iPhone
		{B7A43E52-2839-4E0B-A582-732A9C79803E}.Release|ARM.ActiveCfg = Release|iPhone
		{B7A43E52-2839-4E0B-A582-732A9C79803E}.Release|ARM.Build.0 = Release|iPhone
		{B7A43E52-2839-4E0B-A582-732A9C79803E}.Release|ARM.Deploy.0 = Release|iPhone
		{B7A43E52-2839-4E0B-A582-732A9C79803E}.Release|iPhone.ActiveCfg = Release|iPhone
		{B7A43E52-2839-4E0B-A582-732A9C79803E}.Release|iPhone.Build.0 = Release|iPhone
		{B7A43E52-2839-4E0B-A582-732A9C79803E}.Release|iPhone.Deploy.0 = Release|iPhone
		{B7A43E52-2839-4E0B-A582-732A9C79803E}.Release|iPhoneSimulator.ActiveCfg = Release|iPhoneSimulator
		{B7A43E52-2839-4E0B-A582-732A9C79803E}.Release|iPhoneSimulator.Build.0 = Release|iPhoneSimulator
		{B7A43E52-2839-4E0B-A582-732A9C79803E}.Release|iPhoneSimulator.Deploy.0 = Release|iPhoneSimulator
		{B7A43E52-2839-4E0B-A582-732A9C79803E}.Release|x64.ActiveCfg = Release|iPhone
		{B7A43E52-2839-4E0B-A582-732A9C79803E}.Release|x64.Build.0 = Release|iPhone
		{B7A43E52-2839-4E0B-A582-732A9C79803E}.Release|x64.Deploy.0 = Release|iPhone
		{B7A43E52-2839-4E0B-A582-732A9C79803E}.Release|x86.ActiveCfg = Release|iPhone
		{B7A43E52-2839-4E0B-A582-732A9C79803E}.Release|x86.Build.0 = Release|iPhone
		{B7A43E52-2839-4E0B-A582-732A9C79803E}.Release|x86.Deploy.0 = Release|iPhone
		{89E1C4C1-B14F-4C0A-83C4-9D8B8F82F24F}.Ad-Hoc|Any CPU.ActiveCfg = Release|x86
		{89E1C4C1-B14F-4C0A-83C4-9D8B8F82F24F}.Ad-Hoc|Any CPU.Build.0 = Release|x86
		{89E1C4C1-B14F-4C0A-83C4-9D8B8F82F24F}.Ad-Hoc|Any CPU.Deploy.0 = Release|x86
		{89E1C4C1-B14F-4C0A-83C4-9D8B8F82F24F}.Ad-Hoc|ARM.ActiveCfg = Release|ARM
		{89E1C4C1-B14F-4C0A-83C4-9D8B8F82F24F}.Ad-Hoc|ARM.Build.0 = Release|ARM
		{89E1C4C1-B14F-4C0A-83C4-9D8B8F82F24F}.Ad-Hoc|ARM.Deploy.0 = Release|ARM
		{89E1C4C1-B14F-4C0A-83C4-9D8B8F82F24F}.Ad-Hoc|iPhone.ActiveCfg = Release|x86
		{89E1C4C1-B14F-4C0A-83C4-9D8B8F82F24F}.Ad-Hoc|iPhone.Build.0 = Release|x86
		{89E1C4C1-B14F-4C0A-83C4-9D8B8F82F24F}.Ad-Hoc|iPhone.Deploy.0 = Release|x86
		{89E1C4C1-B14F-4C0A-83C4-9D8B8F82F24F}.Ad-Hoc|iPhoneSimulator.ActiveCfg = Release|x86
		{89E1C4C1-B14F-4C0A-83C4-9D8B8F82F24F}.Ad-Hoc|iPhoneSimulator.Build.0 = Release|x86
		{89E1C4C1-B14F-4C0A-83C4-9D8B8F82F24F}.Ad-Hoc|iPhoneSimulator.Deploy.0 = Release|x86
		{89E1C4C1-B14F-4C0A-83C4-9D8B8F82F24F}.Ad-Hoc|x64.ActiveCfg = Release|x64
		{89E1C4C1-B14F-4C0A-83C4-9D8B8F82F24F}.Ad-Hoc|x64.Build.0 = Release|x64
		{89E1C4C1-B14F-4C0A-83C4-9D8B8F82F24F}.Ad-Hoc|x64.Deploy.0 = Release|x64
		{89E1C4C1-B14F-4C0A-83C4-9D8B8F82F24F}.Ad-Hoc|x86.ActiveCfg = Release|x86
		{89E1C4C1-B14F-4C0A-83C4-9D8B8F82F24F}.Ad-Hoc|x86.Build.0 = Release|x86
		{89E1C4C1-B14F-4C0A-83C4-9D8B8F82F24F}.Ad-Hoc|x86.Deploy.0 = Release|x86
		{89E1C4C1-B14F-4C0A-83C4-9D8B8F82F24F}.AppStore|Any CPU.ActiveCfg = Release|x86
		{89E1C4C1-B14F-4C0A-83C4-9D8B8F82F24F}.AppStore|Any CPU.Build.0 = Release|x86
		{89E1C4C1-B14F-4C0A-83C4-9D8B8F82F24F}.AppStore|Any CPU.Deploy.0 = Release|x86
		{89E1C4C1-B14F-4C0A-83C4-9D8B8F82F24F}.AppStore|ARM.ActiveCfg = Release|ARM
		{89E1C4C1-B14F-4C0A-83C4-9D8B8F82F24F}.AppStore|ARM.Build.0 = Release|ARM
		{89E1C4C1-B14F-4C0A-83C4-9D8B8F82F24F}.AppStore|ARM.Deploy.0 = Release|ARM
		{89E1C4C1-B14F-4C0A-83C4-9D8B8F82F24F}.AppStore|iPhone.ActiveCfg = Release|x86
		{89E1C4C1-B14F-4C0A-83C4-9D8B8F82F24F}.AppStore|iPhone.Build.0 = Release|x86
		{89E1C4C1-B14F-4C0A-83C4-9D8B8F82F24F}.AppStore|iPhone.Deploy.0 = Release|x86
		{89E1C4C1-B14F-4C0A-83C4-9D8B8F82F24F}.AppStore|iPhoneSimulator.ActiveCfg = Release|x86
		{89E1C4C1-B14F-4C0A-83C4-9D8B8F82F24F}.AppStore|iPhoneSimulator.Build.0 = Release|x86
		{89E1C4C1-B14F-4C0A-83C4-9D8B8F82F24F}.AppStore|iPhoneSimulator.Deploy.0 = Release|x86
		{89E1C4C1-B14F-4C0A-83C4-9D8B8F82F24F}.AppStore|x64.ActiveCfg = Release|x64
		{89E1C4C1-B14F-4C0A-83C4-9D8B8F82F24F}.AppStore|x64.Build.0 = Release|x64
		{89E1C4C1-B14F-4C0A-83C4-9D8B8F82F24F}.AppStore|x64.Deploy.0 = Release|x64
		{89E1C4C1-B14F-4C0A-83C4-9D8B8F82F24F}.AppStore|x86.ActiveCfg = Release|x86
		{89E1C4C1-B14F-4C0A-83C4-9D8B8F82F24F}.AppStore|x86.Build.0 = Release|x86
		{89E1C4C1-B14F-4C0A-83C4-9D8B8F82F24F}.AppStore|x86.Deploy.0 = Release|x86
		{89E1C4C1-B14F-4C0A-83C4-9D8B8F82F24F}.Debug|Any CPU.ActiveCfg = Debug|x86
		{89E1C4C1-B14F-4C0A-83C4-9D8B8F82F24F}.Debug|Any CPU.Build.0 = Debug|x86
		{89E1C4C1-B14F-4C0A-83C4-9D8B8F82F24F}.Debug|Any CPU.Deploy.0 = Debug|x86
		{89E1C4C1-B14F-4C0A-83C4-9D8B8F82F24F}.Debug|ARM.ActiveCfg = Debug|ARM
		{89E1C4C1-B14F-4C0A-83C4-9D8B8F82F24F}.Debug|ARM.Build.0 = Debug|ARM
		{89E1C4C1-B14F-4C0A-83C4-9D8B8F82F24F}.Debug|ARM.Deploy.0 = Debug|ARM
		{89E1C4C1-B14F-4C0A-83C4-9D8B8F82F24F}.Debug|iPhone.ActiveCfg = Debug|x86
		{89E1C4C1-B14F-4C0A-83C4-9D8B8F82F24F}.Debug|iPhone.Build.0 = Debug|x86
		{89E1C4C1-B14F-4C0A-83C4-9D8B8F82F24F}.Debug|iPhone.Deploy.0 = Debug|x86
		{89E1C4C1-B14F-4C0A-83C4-9D8B8F82F24F}.Debug|iPhoneSimulator.ActiveCfg = Debug|x86
		{89E1C4C1-B14F-4C0A-83C4-9D8B8F82F24F}.Debug|iPhoneSimulator.Build.0 = Debug|x86
		{89E1C4C1-B14F-4C0A-83C4-9D8B8F82F24F}.Debug|iPhoneSimulator.Deploy.0 = Debug|x86
		{89E1C4C1-B14F-4C0A-83C4-9D8B8F82F24F}.Debug|x64.ActiveCfg = Debug|x64
		{89E1C4C1-B14F-4C0A-83C4-9D8B8F82F24F}.Debug|x64.Build.0 = Debug|x64
		{89E1C4C1-B14F-4C0A-83C4-9D8B8F82F24F}.Debug|x64.Deploy.0 = Debug|x64
		{89E1C4C1-B14F-4C0A-83C4-9D8B8F82F24F}.Debug|x86.ActiveCfg = Debug|x86
		{89E1C4C1-B14F-4C0A-83C4-9D8B8F82F24F}.Debug|x86.Build.0 = Debug|x86
		{89E1C4C1-B14F-4C0A-83C4-9D8B8F82F24F}.Debug|x86.Deploy.0 = Debug|x86
		{89E1C4C1-B14F-4C0A-83C4-9D8B8F82F24F}.Release|Any CPU.ActiveCfg = Release|x86
		{89E1C4C1-B14F-4C0A-83C4-9D8B8F82F24F}.Release|Any CPU.Build.0 = Release|x86
		{89E1C4C1-B14F-4C0A-83C4-9D8B8F82F24F}.Release|Any CPU.Deploy.0 = Release|x86
		{89E1C4C1-B14F-4C0A-83C4-9D8B8F82F24F}.Release|ARM.ActiveCfg = Release|ARM
		{89E1C4C1-B14F-4C0A-83C4-9D8B8F82F24F}.Release|ARM.Build.0 = Release|ARM
		{89E1C4C1-B14F-4C0A-83C4-9D8B8F82F24F}.Release|ARM.Deploy.0 = Release|ARM
		{89E1C4C1-B14F-4C0A-83C4-9D8B8F82F24F}.Release|iPhone.ActiveCfg = Release|x86
		{89E1C4C1-B14F-4C0A-83C4-9D8B8F82F24F}.Release|iPhone.Build.0 = Release|x86
		{89E1C4C1-B14F-4C0A-83C4-9D8B8F82F24F}.Release|iPhone.Deploy.0 = Release|x86
		{89E1C4C1-B14F-4C0A-83C4-9D8B8F82F24F}.Release|iPhoneSimulator.ActiveCfg = Release|x86
		{89E1C4C1-B14F-4C0A-83C4-9D8B8F82F24F}.Release|iPhoneSimulator.Build.0 = Release|x86
		{89E1C4C1-B14F-4C0A-83C4-9D8B8F82F24F}.Release|iPhoneSimulator.Deploy.0 = Release|x86
		{89E1C4C1-B14F-4C0A-83C4-9D8B8F82F24F}.Release|x64.ActiveCfg = Release|x64
		{89E1C4C1-B14F-4C0A-83C4-9D8B8F82F24F}.Release|x64.Build.0 = Release|x64
		{89E1C4C1-B14F-4C0A-83C4-9D8B8F82F24F}.Release|x64.Deploy.0 = Release|x64
		{89E1C4C1-B14F-4C0A-83C4-9D8B8F82F24F}.Release|x86.ActiveCfg = Release|x86
		{89E1C4C1-B14F-4C0A-83C4-9D8B8F82F24F}.Release|x86.Build.0 = Release|x86
		{89E1C4C1-B14F-4C0A-83C4-9D8B8F82F24F}.Release|x86.Deploy.0 = Release|x86
		{E598F7F3-D3A5-41F3-B80C-D5A7D86C2059}.Ad-Hoc|Any CPU.ActiveCfg = Debug|Any CPU
		{E598F7F3-D3A5-41F3-B80C-D5A7D86C2059}.Ad-Hoc|Any CPU.Build.0 = Debug|Any CPU
		{E598F7F3-D3A5-41F3-B80C-D5A7D86C2059}.Ad-Hoc|Any CPU.Deploy.0 = Debug|Any CPU
		{E598F7F3-D3A5-41F3-B80C-D5A7D86C2059}.Ad-Hoc|ARM.ActiveCfg = Debug|Any CPU
		{E598F7F3-D3A5-41F3-B80C-D5A7D86C2059}.Ad-Hoc|ARM.Build.0 = Debug|Any CPU
		{E598F7F3-D3A5-41F3-B80C-D5A7D86C2059}.Ad-Hoc|ARM.Deploy.0 = Debug|Any CPU
		{E598F7F3-D3A5-41F3-B80C-D5A7D86C2059}.Ad-Hoc|iPhone.ActiveCfg = Debug|Any CPU
		{E598F7F3-D3A5-41F3-B80C-D5A7D86C2059}.Ad-Hoc|iPhone.Build.0 = Debug|Any CPU
		{E598F7F3-D3A5-41F3-B80C-D5A7D86C2059}.Ad-Hoc|iPhone.Deploy.0 = Debug|Any CPU
		{E598F7F3-D3A5-41F3-B80C-D5A7D86C2059}.Ad-Hoc|iPhoneSimulator.ActiveCfg = Debug|Any CPU
		{E598F7F3-D3A5-41F3-B80C-D5A7D86C2059}.Ad-Hoc|iPhoneSimulator.Build.0 = Debug|Any CPU
		{E598F7F3-D3A5-41F3-B80C-D5A7D86C2059}.Ad-Hoc|iPhoneSimulator.Deploy.0 = Debug|Any CPU
		{E598F7F3-D3A5-41F3-B80C-D5A7D86C2059}.Ad-Hoc|x64.ActiveCfg = Debug|Any CPU
		{E598F7F3-D3A5-41F3-B80C-D5A7D86C2059}.Ad-Hoc|x64.Build.0 = Debug|Any CPU
		{E598F7F3-D3A5-41F3-B80C-D5A7D86C2059}.Ad-Hoc|x64.Deploy.0 = Debug|Any CPU
		{E598F7F3-D3A5-41F3-B80C-D5A7D86C2059}.Ad-Hoc|x86.ActiveCfg = Debug|Any CPU
		{E598F7F3-D3A5-41F3-B80C-D5A7D86C2059}.Ad-Hoc|x86.Build.0 = Debug|Any CPU
		{E598F7F3-D3A5-41F3-B80C-D5A7D86C2059}.Ad-Hoc|x86.Deploy.0 = Debug|Any CPU
		{E598F7F3-D3A5-41F3-B80C-D5A7D86C2059}.AppStore|Any CPU.ActiveCfg = Debug|Any CPU
		{E598F7F3-D3A5-41F3-B80C-D5A7D86C2059}.AppStore|Any CPU.Build.0 = Debug|Any CPU
		{E598F7F3-D3A5-41F3-B80C-D5A7D86C2059}.AppStore|Any CPU.Deploy.0 = Debug|Any CPU
		{E598F7F3-D3A5-41F3-B80C-D5A7D86C2059}.AppStore|ARM.ActiveCfg = Debug|Any CPU
		{E598F7F3-D3A5-41F3-B80C-D5A7D86C2059}.AppStore|ARM.Build.0 = Debug|Any CPU
		{E598F7F3-D3A5-41F3-B80C-D5A7D86C2059}.AppStore|ARM.Deploy.0 = Debug|Any CPU
		{E598F7F3-D3A5-41F3-B80C-D5A7D86C2059}.AppStore|iPhone.ActiveCfg = Debug|Any CPU
		{E598F7F3-D3A5-41F3-B80C-D5A7D86C2059}.AppStore|iPhone.Build.0 = Debug|Any CPU
		{E598F7F3-D3A5-41F3-B80C-D5A7D86C2059}.AppStore|iPhone.Deploy.0 = Debug|Any CPU
		{E598F7F3-D3A5-41F3-B80C-D5A7D86C2059}.AppStore|iPhoneSimulator.ActiveCfg = Debug|Any CPU
		{E598F7F3-D3A5-41F3-B80C-D5A7D86C2059}.AppStore|iPhoneSimulator.Build.0 = Debug|Any CPU
		{E598F7F3-D3A5-41F3-B80C-D5A7D86C2059}.AppStore|iPhoneSimulator.Deploy.0 = Debug|Any CPU
		{E598F7F3-D3A5-41F3-B80C-D5A7D86C2059}.AppStore|x64.ActiveCfg = Debug|Any CPU
		{E598F7F3-D3A5-41F3-B80C-D5A7D86C2059}.AppStore|x64.Build.0 = Debug|Any CPU
		{E598F7F3-D3A5-41F3-B80C-D5A7D86C2059}.AppStore|x64.Deploy.0 = Debug|Any CPU
		{E598F7F3-D3A5-41F3-B80C-D5A7D86C2059}.AppStore|x86.ActiveCfg = Debug|Any CPU
		{E598F7F3-D3A5-41F3-B80C-D5A7D86C2059}.AppStore|x86.Build.0 = Debug|Any CPU
		{E598F7F3-D3A5-41F3-B80C-D5A7D86C2059}.AppStore|x86.Deploy.0 = Debug|Any CPU
		{E598F7F3-D3A5-41F3-B80C-D5A7D86C2059}.Debug|Any CPU.ActiveCfg = Debug|Any CPU
		{E598F7F3-D3A5-41F3-B80C-D5A7D86C2059}.Debug|Any CPU.Build.0 = Debug|Any CPU
		{E598F7F3-D3A5-41F3-B80C-D5A7D86C2059}.Debug|Any CPU.Deploy.0 = Debug|Any CPU
		{E598F7F3-D3A5-41F3-B80C-D5A7D86C2059}.Debug|ARM.ActiveCfg = Debug|Any CPU
		{E598F7F3-D3A5-41F3-B80C-D5A7D86C2059}.Debug|ARM.Build.0 = Debug|Any CPU
		{E598F7F3-D3A5-41F3-B80C-D5A7D86C2059}.Debug|ARM.Deploy.0 = Debug|Any CPU
		{E598F7F3-D3A5-41F3-B80C-D5A7D86C2059}.Debug|iPhone.ActiveCfg = Debug|Any CPU
		{E598F7F3-D3A5-41F3-B80C-D5A7D86C2059}.Debug|iPhone.Build.0 = Debug|Any CPU
		{E598F7F3-D3A5-41F3-B80C-D5A7D86C2059}.Debug|iPhone.Deploy.0 = Debug|Any CPU
		{E598F7F3-D3A5-41F3-B80C-D5A7D86C2059}.Debug|iPhoneSimulator.ActiveCfg = Debug|Any CPU
		{E598F7F3-D3A5-41F3-B80C-D5A7D86C2059}.Debug|iPhoneSimulator.Build.0 = Debug|Any CPU
		{E598F7F3-D3A5-41F3-B80C-D5A7D86C2059}.Debug|iPhoneSimulator.Deploy.0 = Debug|Any CPU
		{E598F7F3-D3A5-41F3-B80C-D5A7D86C2059}.Debug|x64.ActiveCfg = Debug|Any CPU
		{E598F7F3-D3A5-41F3-B80C-D5A7D86C2059}.Debug|x64.Build.0 = Debug|Any CPU
		{E598F7F3-D3A5-41F3-B80C-D5A7D86C2059}.Debug|x64.Deploy.0 = Debug|Any CPU
		{E598F7F3-D3A5-41F3-B80C-D5A7D86C2059}.Debug|x86.ActiveCfg = Debug|Any CPU
		{E598F7F3-D3A5-41F3-B80C-D5A7D86C2059}.Debug|x86.Build.0 = Debug|Any CPU
		{E598F7F3-D3A5-41F3-B80C-D5A7D86C2059}.Debug|x86.Deploy.0 = Debug|Any CPU
		{E598F7F3-D3A5-41F3-B80C-D5A7D86C2059}.Release|Any CPU.ActiveCfg = Release|Any CPU
		{E598F7F3-D3A5-41F3-B80C-D5A7D86C2059}.Release|Any CPU.Build.0 = Release|Any CPU
		{E598F7F3-D3A5-41F3-B80C-D5A7D86C2059}.Release|Any CPU.Deploy.0 = Release|Any CPU
		{E598F7F3-D3A5-41F3-B80C-D5A7D86C2059}.Release|ARM.ActiveCfg = Release|Any CPU
		{E598F7F3-D3A5-41F3-B80C-D5A7D86C2059}.Release|ARM.Build.0 = Release|Any CPU
		{E598F7F3-D3A5-41F3-B80C-D5A7D86C2059}.Release|ARM.Deploy.0 = Release|Any CPU
		{E598F7F3-D3A5-41F3-B80C-D5A7D86C2059}.Release|iPhone.ActiveCfg = Release|Any CPU
		{E598F7F3-D3A5-41F3-B80C-D5A7D86C2059}.Release|iPhone.Build.0 = Release|Any CPU
		{E598F7F3-D3A5-41F3-B80C-D5A7D86C2059}.Release|iPhone.Deploy.0 = Release|Any CPU
		{E598F7F3-D3A5-41F3-B80C-D5A7D86C2059}.Release|iPhoneSimulator.ActiveCfg = Release|Any CPU
		{E598F7F3-D3A5-41F3-B80C-D5A7D86C2059}.Release|iPhoneSimulator.Build.0 = Release|Any CPU
		{E598F7F3-D3A5-41F3-B80C-D5A7D86C2059}.Release|iPhoneSimulator.Deploy.0 = Release|Any CPU
		{E598F7F3-D3A5-41F3-B80C-D5A7D86C2059}.Release|x64.ActiveCfg = Release|Any CPU
		{E598F7F3-D3A5-41F3-B80C-D5A7D86C2059}.Release|x64.Build.0 = Release|Any CPU
		{E598F7F3-D3A5-41F3-B80C-D5A7D86C2059}.Release|x64.Deploy.0 = Release|Any CPU
		{E598F7F3-D3A5-41F3-B80C-D5A7D86C2059}.Release|x86.ActiveCfg = Release|Any CPU
		{E598F7F3-D3A5-41F3-B80C-D5A7D86C2059}.Release|x86.Build.0 = Release|Any CPU
		{E598F7F3-D3A5-41F3-B80C-D5A7D86C2059}.Release|x86.Deploy.0 = Release|Any CPU
	EndGlobalSection
	GlobalSection(SolutionProperties) = preSolution
		HideSolutionNode = FALSE
	EndGlobalSection
	GlobalSection(ExtensibilityGlobals) = postSolution
		SolutionGuid = {E6C1DF7E-C1D5-4B70-B80C-654030A0FCA6}
	EndGlobalSection
EndGlobal
